
Microsoft Visual Studio Solution File, Format Version 12.00
# Visual Studio 15
VisualStudioVersion = 15.0.28307.329
MinimumVisualStudioVersion = 10.0.40219.1
Project("{FAE04EC0-301F-11D3-BF4B-00C04F79EFBC}") = "ClassRoom", "ClassRoom\ClassRoom.csproj", "{56D6C600-9F67-4F35-BD36-715638C4A5D1}"
EndProject
Project("{FAE04EC0-301F-11D3-BF4B-00C04F79EFBC}") = "UnitTestProject", "UnitTestProject\UnitTestProject.csproj", "{9A65835D-836E-44CC-AFC7-36C57681AB4A}"
EndProject
Global
	GlobalSection(SolutionConfigurationPlatforms) = preSolution
		Debug|Any CPU = Debug|Any CPU
		Release|Any CPU = Release|Any CPU
	EndGlobalSection
	GlobalSection(ProjectConfigurationPlatforms) = postSolution
		{56D6C600-9F67-4F35-BD36-715638C4A5D1}.Debug|Any CPU.ActiveCfg = Debug|Any CPU
		{56D6C600-9F67-4F35-BD36-715638C4A5D1}.Debug|Any CPU.Build.0 = Debug|Any CPU
		{56D6C600-9F67-4F35-BD36-715638C4A5D1}.Release|Any CPU.ActiveCfg = Release|Any CPU
		{56D6C600-9F67-4F35-BD36-715638C4A5D1}.Release|Any CPU.Build.0 = Release|Any CPU
		{9A65835D-836E-44CC-AFC7-36C57681AB4A}.Debug|Any CPU.ActiveCfg = Debug|Any CPU
		{9A65835D-836E-44CC-AFC7-36C57681AB4A}.Debug|Any CPU.Build.0 = Debug|Any CPU
		{9A65835D-836E-44CC-AFC7-36C57681AB4A}.Release|Any CPU.ActiveCfg = Release|Any CPU
		{9A65835D-836E-44CC-AFC7-36C57681AB4A}.Release|Any CPU.Build.0 = Release|Any CPU
	EndGlobalSection
	GlobalSection(SolutionProperties) = preSolution
		HideSolutionNode = FALSE
	EndGlobalSection
	GlobalSection(ExtensibilityGlobals) = postSolution
		SolutionGuid = {A9399D20-6770-4007-A8E8-BB267E558763}
	EndGlobalSection
EndGlobal
